
Microsoft Visual Studio Solution File, Format Version 12.00
# Visual Studio Version 17
VisualStudioVersion = 17.0.32014.148
MinimumVisualStudioVersion = 10.0.40219.1
Project("{8BC9CEB8-8B4A-11D0-8D11-00A0C91BC942}") = "12_返回值类型后置", "12_返回值类型后置.vcxproj", "{E9692620-B592-4182-AB4F-9C9F44DD9318}"
EndProject
Global
	GlobalSection(SolutionConfigurationPlatforms) = preSolution
		Debug|x64 = Debug|x64
		Debug|x86 = Debug|x86
		Release|x64 = Release|x64
		Release|x86 = Release|x86
	EndGlobalSection
	GlobalSection(ProjectConfigurationPlatforms) = postSolution
		{E9692620-B592-4182-AB4F-9C9F44DD9318}.Debug|x64.ActiveCfg = Debug|x64
		{E9692620-B592-4182-AB4F-9C9F44DD9318}.Debug|x64.Build.0 = Debug|x64
		{E9692620-B592-4182-AB4F-9C9F44DD9318}.Debug|x86.ActiveCfg = Debug|Win32
		{E9692620-B592-4182-AB4F-9C9F44DD9318}.Debug|x86.Build.0 = Debug|Win32
		{E9692620-B592-4182-AB4F-9C9F44DD9318}.Release|x64.ActiveCfg = Release|x64
		{E9692620-B592-4182-AB4F-9C9F44DD9318}.Release|x64.Build.0 = Release|x64
		{E9692620-B592-4182-AB4F-9C9F44DD9318}.Release|x86.ActiveCfg = Release|Win32
		{E9692620-B592-4182-AB4F-9C9F44DD9318}.Release|x86.Build.0 = Release|Win32
	EndGlobalSection
	GlobalSection(SolutionProperties) = preSolution
		HideSolutionNode = FALSE
	EndGlobalSection
	GlobalSection(ExtensibilityGlobals) = postSolution
		SolutionGuid = {A284C5DC-1A73-40AE-8939-DD3F66432497}
	EndGlobalSection
EndGlobal
