
Microsoft Visual Studio Solution File, Format Version 12.00
# Visual Studio Version 16
VisualStudioVersion = 16.0.31729.503
MinimumVisualStudioVersion = 10.0.40219.1
Project("{FAE04EC0-301F-11D3-BF4B-00C04F79EFBC}") = "5.2", "5.2.csproj", "{FE2EAFAF-1DEB-42BF-9C6E-696C2DF2EA8F}"
EndProject
Global
	GlobalSection(SolutionConfigurationPlatforms) = preSolution
		Debug|Any CPU = Debug|Any CPU
		Release|Any CPU = Release|Any CPU
	EndGlobalSection
	GlobalSection(ProjectConfigurationPlatforms) = postSolution
		{FE2EAFAF-1DEB-42BF-9C6E-696C2DF2EA8F}.Debug|Any CPU.ActiveCfg = Debug|Any CPU
		{FE2EAFAF-1DEB-42BF-9C6E-696C2DF2EA8F}.Debug|Any CPU.Build.0 = Debug|Any CPU
		{FE2EAFAF-1DEB-42BF-9C6E-696C2DF2EA8F}.Release|Any CPU.ActiveCfg = Release|Any CPU
		{FE2EAFAF-1DEB-42BF-9C6E-696C2DF2EA8F}.Release|Any CPU.Build.0 = Release|Any CPU
	EndGlobalSection
	GlobalSection(SolutionProperties) = preSolution
		HideSolutionNode = FALSE
	EndGlobalSection
	GlobalSection(ExtensibilityGlobals) = postSolution
		SolutionGuid = {00AB80D7-5215-46F7-B34B-94A821C9F87F}
	EndGlobalSection
EndGlobal
