
Microsoft Visual Studio Solution File, Format Version 12.00
# Visual Studio Version 16
VisualStudioVersion = 16.0.31624.102
MinimumVisualStudioVersion = 10.0.40219.1
Project("{FAE04EC0-301F-11D3-BF4B-00C04F79EFBC}") = "2.4", "2.4.csproj", "{3F4FFB6B-C5CE-4FA4-9F6D-A26F2A96D6DA}"
EndProject
Global
	GlobalSection(SolutionConfigurationPlatforms) = preSolution
		Debug|Any CPU = Debug|Any CPU
		Release|Any CPU = Release|Any CPU
	EndGlobalSection
	GlobalSection(ProjectConfigurationPlatforms) = postSolution
		{3F4FFB6B-C5CE-4FA4-9F6D-A26F2A96D6DA}.Debug|Any CPU.ActiveCfg = Debug|Any CPU
		{3F4FFB6B-C5CE-4FA4-9F6D-A26F2A96D6DA}.Debug|Any CPU.Build.0 = Debug|Any CPU
		{3F4FFB6B-C5CE-4FA4-9F6D-A26F2A96D6DA}.Release|Any CPU.ActiveCfg = Release|Any CPU
		{3F4FFB6B-C5CE-4FA4-9F6D-A26F2A96D6DA}.Release|Any CPU.Build.0 = Release|Any CPU
	EndGlobalSection
	GlobalSection(SolutionProperties) = preSolution
		HideSolutionNode = FALSE
	EndGlobalSection
	GlobalSection(ExtensibilityGlobals) = postSolution
		SolutionGuid = {992FCEB3-C4DE-4482-A52E-5AD0C76CF672}
	EndGlobalSection
EndGlobal
