
Microsoft Visual Studio Solution File, Format Version 12.00
# Visual Studio Version 16
VisualStudioVersion = 16.0.31624.102
MinimumVisualStudioVersion = 10.0.40219.1
Project("{FAE04EC0-301F-11D3-BF4B-00C04F79EFBC}") = "3.3", "3.3.csproj", "{7477D75F-1034-448E-A9FE-DE4EADA1C55B}"
EndProject
Global
	GlobalSection(SolutionConfigurationPlatforms) = preSolution
		Debug|Any CPU = Debug|Any CPU
		Release|Any CPU = Release|Any CPU
	EndGlobalSection
	GlobalSection(ProjectConfigurationPlatforms) = postSolution
		{7477D75F-1034-448E-A9FE-DE4EADA1C55B}.Debug|Any CPU.ActiveCfg = Debug|Any CPU
		{7477D75F-1034-448E-A9FE-DE4EADA1C55B}.Debug|Any CPU.Build.0 = Debug|Any CPU
		{7477D75F-1034-448E-A9FE-DE4EADA1C55B}.Release|Any CPU.ActiveCfg = Release|Any CPU
		{7477D75F-1034-448E-A9FE-DE4EADA1C55B}.Release|Any CPU.Build.0 = Release|Any CPU
	EndGlobalSection
	GlobalSection(SolutionProperties) = preSolution
		HideSolutionNode = FALSE
	EndGlobalSection
	GlobalSection(ExtensibilityGlobals) = postSolution
		SolutionGuid = {2440631D-907B-4C31-9538-BE9C2D068013}
	EndGlobalSection
EndGlobal
