
Microsoft Visual Studio Solution File, Format Version 12.00
# Visual Studio Version 17
VisualStudioVersion = 17.0.32014.148
MinimumVisualStudioVersion = 10.0.40219.1
Project("{8BC9CEB8-8B4A-11D0-8D11-00A0C91BC942}") = "05-使用auto进行类型自动推导", "05-使用auto进行类型自动推导.vcxproj", "{FF0A1FAE-0E40-44A1-9CBF-CAC1BEE494C5}"
EndProject
Global
	GlobalSection(SolutionConfigurationPlatforms) = preSolution
		Debug|x64 = Debug|x64
		Debug|x86 = Debug|x86
		Release|x64 = Release|x64
		Release|x86 = Release|x86
	EndGlobalSection
	GlobalSection(ProjectConfigurationPlatforms) = postSolution
		{FF0A1FAE-0E40-44A1-9CBF-CAC1BEE494C5}.Debug|x64.ActiveCfg = Debug|x64
		{FF0A1FAE-0E40-44A1-9CBF-CAC1BEE494C5}.Debug|x64.Build.0 = Debug|x64
		{FF0A1FAE-0E40-44A1-9CBF-CAC1BEE494C5}.Debug|x86.ActiveCfg = Debug|Win32
		{FF0A1FAE-0E40-44A1-9CBF-CAC1BEE494C5}.Debug|x86.Build.0 = Debug|Win32
		{FF0A1FAE-0E40-44A1-9CBF-CAC1BEE494C5}.Release|x64.ActiveCfg = Release|x64
		{FF0A1FAE-0E40-44A1-9CBF-CAC1BEE494C5}.Release|x64.Build.0 = Release|x64
		{FF0A1FAE-0E40-44A1-9CBF-CAC1BEE494C5}.Release|x86.ActiveCfg = Release|Win32
		{FF0A1FAE-0E40-44A1-9CBF-CAC1BEE494C5}.Release|x86.Build.0 = Release|Win32
	EndGlobalSection
	GlobalSection(SolutionProperties) = preSolution
		HideSolutionNode = FALSE
	EndGlobalSection
	GlobalSection(ExtensibilityGlobals) = postSolution
		SolutionGuid = {B6ADF460-FFBD-47A2-8084-8820D9969F84}
	EndGlobalSection
EndGlobal
