
Microsoft Visual Studio Solution File, Format Version 12.00
# Visual Studio Version 16
VisualStudioVersion = 16.0.31624.102
MinimumVisualStudioVersion = 10.0.40219.1
Project("{FAE04EC0-301F-11D3-BF4B-00C04F79EFBC}") = "1.4", "1.4.csproj", "{731D7172-1A23-43C4-AC70-2C1403B267F6}"
EndProject
Global
	GlobalSection(SolutionConfigurationPlatforms) = preSolution
		Debug|Any CPU = Debug|Any CPU
		Release|Any CPU = Release|Any CPU
	EndGlobalSection
	GlobalSection(ProjectConfigurationPlatforms) = postSolution
		{731D7172-1A23-43C4-AC70-2C1403B267F6}.Debug|Any CPU.ActiveCfg = Debug|Any CPU
		{731D7172-1A23-43C4-AC70-2C1403B267F6}.Debug|Any CPU.Build.0 = Debug|Any CPU
		{731D7172-1A23-43C4-AC70-2C1403B267F6}.Release|Any CPU.ActiveCfg = Release|Any CPU
		{731D7172-1A23-43C4-AC70-2C1403B267F6}.Release|Any CPU.Build.0 = Release|Any CPU
	EndGlobalSection
	GlobalSection(SolutionProperties) = preSolution
		HideSolutionNode = FALSE
	EndGlobalSection
	GlobalSection(ExtensibilityGlobals) = postSolution
		SolutionGuid = {A63BD82E-DC66-4CCF-B520-26A70849A91F}
	EndGlobalSection
EndGlobal
