
Microsoft Visual Studio Solution File, Format Version 12.00
# Visual Studio Version 16
VisualStudioVersion = 16.0.31624.102
MinimumVisualStudioVersion = 10.0.40219.1
Project("{FAE04EC0-301F-11D3-BF4B-00C04F79EFBC}") = "3.1", "3.1.csproj", "{7E7C8435-6E0A-4FD8-BAB5-EAEB5491384A}"
EndProject
Global
	GlobalSection(SolutionConfigurationPlatforms) = preSolution
		Debug|Any CPU = Debug|Any CPU
		Release|Any CPU = Release|Any CPU
	EndGlobalSection
	GlobalSection(ProjectConfigurationPlatforms) = postSolution
		{7E7C8435-6E0A-4FD8-BAB5-EAEB5491384A}.Debug|Any CPU.ActiveCfg = Debug|Any CPU
		{7E7C8435-6E0A-4FD8-BAB5-EAEB5491384A}.Debug|Any CPU.Build.0 = Debug|Any CPU
		{7E7C8435-6E0A-4FD8-BAB5-EAEB5491384A}.Release|Any CPU.ActiveCfg = Release|Any CPU
		{7E7C8435-6E0A-4FD8-BAB5-EAEB5491384A}.Release|Any CPU.Build.0 = Release|Any CPU
	EndGlobalSection
	GlobalSection(SolutionProperties) = preSolution
		HideSolutionNode = FALSE
	EndGlobalSection
	GlobalSection(ExtensibilityGlobals) = postSolution
		SolutionGuid = {C779B277-D651-416A-A9D8-DC1D07F40E2B}
	EndGlobalSection
EndGlobal
